
Microsoft Visual Studio Solution File, Format Version 12.00
# Visual Studio Version 16
VisualStudioVersion = 16.0.31729.503
MinimumVisualStudioVersion = 10.0.40219.1
Project("{FAE04EC0-301F-11D3-BF4B-00C04F79EFBC}") = "Lambda expressions and anonymous methods HW", "Lambda expressions and anonymous methods HW\Lambda expressions and anonymous methods HW.csproj", "{EF4F3A01-CDDC-406F-9368-0037B2FCE253}"
EndProject
Global
	GlobalSection(SolutionConfigurationPlatforms) = preSolution
		Debug|Any CPU = Debug|Any CPU
		Release|Any CPU = Release|Any CPU
	EndGlobalSection
	GlobalSection(ProjectConfigurationPlatforms) = postSolution
		{EF4F3A01-CDDC-406F-9368-0037B2FCE253}.Debug|Any CPU.ActiveCfg = Debug|Any CPU
		{EF4F3A01-CDDC-406F-9368-0037B2FCE253}.Debug|Any CPU.Build.0 = Debug|Any CPU
		{EF4F3A01-CDDC-406F-9368-0037B2FCE253}.Release|Any CPU.ActiveCfg = Release|Any CPU
		{EF4F3A01-CDDC-406F-9368-0037B2FCE253}.Release|Any CPU.Build.0 = Release|Any CPU
	EndGlobalSection
	GlobalSection(SolutionProperties) = preSolution
		HideSolutionNode = FALSE
	EndGlobalSection
	GlobalSection(ExtensibilityGlobals) = postSolution
		SolutionGuid = {73D24270-1450-4EE6-BEE7-E592E6030BC8}
	EndGlobalSection
EndGlobal
